
Microsoft Visual Studio Solution File, Format Version 12.00
# Visual Studio Version 16
VisualStudioVersion = 16.0.32126.315
MinimumVisualStudioVersion = 10.0.40219.1
Project("{FAE04EC0-301F-11D3-BF4B-00C04F79EFBC}") = "氪金货币", "氪金货币\氪金货币.csproj", "{7E89029F-98E4-4C03-9164-DA239549E960}"
EndProject
Global
	GlobalSection(SolutionConfigurationPlatforms) = preSolution
		Debug|Any CPU = Debug|Any CPU
		Release|Any CPU = Release|Any CPU
	EndGlobalSection
	GlobalSection(ProjectConfigurationPlatforms) = postSolution
		{7E89029F-98E4-4C03-9164-DA239549E960}.Debug|Any CPU.ActiveCfg = Debug|Any CPU
		{7E89029F-98E4-4C03-9164-DA239549E960}.Debug|Any CPU.Build.0 = Debug|Any CPU
		{7E89029F-98E4-4C03-9164-DA239549E960}.Release|Any CPU.ActiveCfg = Release|Any CPU
		{7E89029F-98E4-4C03-9164-DA239549E960}.Release|Any CPU.Build.0 = Release|Any CPU
	EndGlobalSection
	GlobalSection(SolutionProperties) = preSolution
		HideSolutionNode = FALSE
	EndGlobalSection
	GlobalSection(ExtensibilityGlobals) = postSolution
		SolutionGuid = {93EE3909-FC85-48BC-9D2B-908DC4C0B95E}
	EndGlobalSection
EndGlobal
