
Microsoft Visual Studio Solution File, Format Version 12.00
# Visual Studio Version 17
VisualStudioVersion = 17.4.33213.308
MinimumVisualStudioVersion = 10.0.40219.1
Project("{FAE04EC0-301F-11D3-BF4B-00C04F79EFBC}") = "云背包", "云背包.csproj", "{1CF8B66A-1B57-41F4-8771-3A02E57BFE5B}"
EndProject
Global
	GlobalSection(SolutionConfigurationPlatforms) = preSolution
		Debug|Any CPU = Debug|Any CPU
		Release|Any CPU = Release|Any CPU
	EndGlobalSection
	GlobalSection(ProjectConfigurationPlatforms) = postSolution
		{1CF8B66A-1B57-41F4-8771-3A02E57BFE5B}.Debug|Any CPU.ActiveCfg = Debug|Any CPU
		{1CF8B66A-1B57-41F4-8771-3A02E57BFE5B}.Debug|Any CPU.Build.0 = Debug|Any CPU
		{1CF8B66A-1B57-41F4-8771-3A02E57BFE5B}.Release|Any CPU.ActiveCfg = Release|Any CPU
		{1CF8B66A-1B57-41F4-8771-3A02E57BFE5B}.Release|Any CPU.Build.0 = Release|Any CPU
	EndGlobalSection
	GlobalSection(SolutionProperties) = preSolution
		HideSolutionNode = FALSE
	EndGlobalSection
	GlobalSection(ExtensibilityGlobals) = postSolution
		SolutionGuid = {9EA85064-7E59-4485-AEC3-9BE17161849A}
	EndGlobalSection
EndGlobal
