
Microsoft Visual Studio Solution File, Format Version 12.00
# Visual Studio Version 17
VisualStudioVersion = 17.4.33213.308
MinimumVisualStudioVersion = 10.0.40219.1
Project("{FAE04EC0-301F-11D3-BF4B-00C04F79EFBC}") = "游戏白天黑夜游戏模式切换", "游戏白天黑夜游戏模式切换.csproj", "{4E7FB010-5BCB-4F0C-97CF-8CD48227676B}"
EndProject
Global
	GlobalSection(SolutionConfigurationPlatforms) = preSolution
		Debug|Any CPU = Debug|Any CPU
		Release|Any CPU = Release|Any CPU
	EndGlobalSection
	GlobalSection(ProjectConfigurationPlatforms) = postSolution
		{4E7FB010-5BCB-4F0C-97CF-8CD48227676B}.Debug|Any CPU.ActiveCfg = Debug|Any CPU
		{4E7FB010-5BCB-4F0C-97CF-8CD48227676B}.Debug|Any CPU.Build.0 = Debug|Any CPU
		{4E7FB010-5BCB-4F0C-97CF-8CD48227676B}.Release|Any CPU.ActiveCfg = Release|Any CPU
		{4E7FB010-5BCB-4F0C-97CF-8CD48227676B}.Release|Any CPU.Build.0 = Release|Any CPU
	EndGlobalSection
	GlobalSection(SolutionProperties) = preSolution
		HideSolutionNode = FALSE
	EndGlobalSection
	GlobalSection(ExtensibilityGlobals) = postSolution
		SolutionGuid = {7805B48E-ACCD-4A17-9005-65DA98AC3CB9}
	EndGlobalSection
EndGlobal
