
Microsoft Visual Studio Solution File, Format Version 12.00
# Visual Studio Version 17
VisualStudioVersion = 17.4.33213.308
MinimumVisualStudioVersion = 10.0.40219.1
Project("{FAE04EC0-301F-11D3-BF4B-00C04F79EFBC}") = "Matt.载具皮肤", "Matt.载具皮肤\Matt.载具皮肤.csproj", "{190FD437-6E5D-4C4F-9882-C8ED1007B94A}"
EndProject
Global
	GlobalSection(SolutionConfigurationPlatforms) = preSolution
		Debug|Any CPU = Debug|Any CPU
		Release|Any CPU = Release|Any CPU
	EndGlobalSection
	GlobalSection(ProjectConfigurationPlatforms) = postSolution
		{190FD437-6E5D-4C4F-9882-C8ED1007B94A}.Debug|Any CPU.ActiveCfg = Debug|Any CPU
		{190FD437-6E5D-4C4F-9882-C8ED1007B94A}.Debug|Any CPU.Build.0 = Debug|Any CPU
		{190FD437-6E5D-4C4F-9882-C8ED1007B94A}.Release|Any CPU.ActiveCfg = Release|Any CPU
		{190FD437-6E5D-4C4F-9882-C8ED1007B94A}.Release|Any CPU.Build.0 = Release|Any CPU
	EndGlobalSection
	GlobalSection(SolutionProperties) = preSolution
		HideSolutionNode = FALSE
	EndGlobalSection
	GlobalSection(ExtensibilityGlobals) = postSolution
		SolutionGuid = {9CB66F05-6E69-4D0F-9404-A38B03994ED8}
	EndGlobalSection
EndGlobal
