
Microsoft Visual Studio Solution File, Format Version 12.00
# Visual Studio Version 17
VisualStudioVersion = 17.4.33213.308
MinimumVisualStudioVersion = 10.0.40219.1
Project("{FAE04EC0-301F-11D3-BF4B-00C04F79EFBC}") = "Matt.查看建筑所有者", "Matt.查看建筑所有者.csproj", "{FAE5F17F-1BCF-43A9-8913-D36A51AC0C78}"
EndProject
Global
	GlobalSection(SolutionConfigurationPlatforms) = preSolution
		Debug|Any CPU = Debug|Any CPU
		Release|Any CPU = Release|Any CPU
	EndGlobalSection
	GlobalSection(ProjectConfigurationPlatforms) = postSolution
		{FAE5F17F-1BCF-43A9-8913-D36A51AC0C78}.Debug|Any CPU.ActiveCfg = Debug|Any CPU
		{FAE5F17F-1BCF-43A9-8913-D36A51AC0C78}.Debug|Any CPU.Build.0 = Debug|Any CPU
		{FAE5F17F-1BCF-43A9-8913-D36A51AC0C78}.Release|Any CPU.ActiveCfg = Release|Any CPU
		{FAE5F17F-1BCF-43A9-8913-D36A51AC0C78}.Release|Any CPU.Build.0 = Release|Any CPU
	EndGlobalSection
	GlobalSection(SolutionProperties) = preSolution
		HideSolutionNode = FALSE
	EndGlobalSection
	GlobalSection(ExtensibilityGlobals) = postSolution
		SolutionGuid = {A2967FC7-AC19-439B-A473-1BE141E4B735}
	EndGlobalSection
EndGlobal
